// !$*UTF8*$!
{
	archiveVersion = 1;
	classes = {
	};
	objectVersion = 77;
	objects = {

/* Begin PBXBuildFile section */
		62F767EB4737E5DE991D208B /* MergedNamingTests.swift in Sources */ = {isa = PBXBuildFile; fileRef = 6B7D9CDF3E19FF4B26D673A0 /* MergedNamingTests.swift */; };
		703CFD740461567B3B75DBA4 /* BatchClassifierTests.swift in Sources */ = {isa = PBXBuildFile; fileRef = FA8181301AAA33ECD1896559 /* BatchClassifierTests.swift */; };
		722485CCC90FDDE373153158 /* ModelManagerTests.swift in Sources */ = {isa = PBXBuildFile; fileRef = BA57AD4FA93C06F3472D7C93 /* ModelManagerTests.swift */; };
		830FFD61577B18C025F15720 /* WhisperModelTests.swift in Sources */ = {isa = PBXBuildFile; fileRef = AF8506F918B01095773E0A6D /* WhisperModelTests.swift */; };
		A51889222013BC74C5860A0D /* MergeServiceTests.swift in Sources */ = {isa = PBXBuildFile; fileRef = 0EB6EF9CEA139A0C155EFB5A /* MergeServiceTests.swift */; };
		63ECE88B95FBDC6E92B0A9F7 /* DeepSeekOCR2Kit in Frameworks */ = {isa = PBXBuildFile; productRef = 6E9ABDD43D842DDB0E00258D /* DeepSeekOCR2Kit */; };
		AA000000000000000000000A /* WhisperKit in Frameworks */ = {isa = PBXBuildFile; productRef = AA000000000000000000000C /* WhisperKit */; };
		AF56D383D6EAD7A3452F2BEC /* Cocoa.framework in Frameworks */ = {isa = PBXBuildFile; fileRef = 0F0BBAC8C2B85469A650F6D6 /* Cocoa.framework */; };
		B1C32B8BF6BF4A7A5993B7DF /* SmokeTests.swift in Sources */ = {isa = PBXBuildFile; fileRef = 918149AB2C192E219C04F3D6 /* SmokeTests.swift */; };
/* End PBXBuildFile section */

/* Begin PBXContainerItemProxy section */
		F2F002EE3A42D09848681E89 /* PBXContainerItemProxy */ = {
			isa = PBXContainerItemProxy;
			containerPortal = AA0000000000000000000001 /* Project object */;
			proxyType = 1;
			remoteGlobalIDString = AA0000000000000000000002;
			remoteInfo = WhisperScribe;
		};
/* End PBXContainerItemProxy section */

/* Begin PBXFileReference section */
		0EB6EF9CEA139A0C155EFB5A /* MergeServiceTests.swift */ = {isa = PBXFileReference; includeInIndex = 1; lastKnownFileType = sourcecode.swift; path = MergeServiceTests.swift; sourceTree = "<group>"; };
		0F0BBAC8C2B85469A650F6D6 /* Cocoa.framework */ = {isa = PBXFileReference; lastKnownFileType = wrapper.framework; name = Cocoa.framework; path = Platforms/MacOSX.platform/Developer/SDKs/MacOSX15.0.sdk/System/Library/Frameworks/Cocoa.framework; sourceTree = DEVELOPER_DIR; };
		6070727F8692C80EAE5F071F /* WhisperScribeTests.xctest */ = {isa = PBXFileReference; explicitFileType = wrapper.cfbundle; includeInIndex = 0; path = WhisperScribeTests.xctest; sourceTree = BUILT_PRODUCTS_DIR; };
		6B7D9CDF3E19FF4B26D673A0 /* MergedNamingTests.swift */ = {isa = PBXFileReference; includeInIndex = 1; lastKnownFileType = sourcecode.swift; path = MergedNamingTests.swift; sourceTree = "<group>"; };
		918149AB2C192E219C04F3D6 /* SmokeTests.swift */ = {isa = PBXFileReference; includeInIndex = 1; lastKnownFileType = sourcecode.swift; path = SmokeTests.swift; sourceTree = "<group>"; };
		AA0000000000000000000006 /* WhisperScribe.app */ = {isa = PBXFileReference; explicitFileType = wrapper.application; includeInIndex = 0; path = WhisperScribe.app; sourceTree = BUILT_PRODUCTS_DIR; };
		AF8506F918B01095773E0A6D /* WhisperModelTests.swift */ = {isa = PBXFileReference; includeInIndex = 1; lastKnownFileType = sourcecode.swift; path = WhisperModelTests.swift; sourceTree = "<group>"; };
		BA57AD4FA93C06F3472D7C93 /* ModelManagerTests.swift */ = {isa = PBXFileReference; includeInIndex = 1; lastKnownFileType = sourcecode.swift; path = ModelManagerTests.swift; sourceTree = "<group>"; };
		FA8181301AAA33ECD1896559 /* BatchClassifierTests.swift */ = {isa = PBXFileReference; includeInIndex = 1; lastKnownFileType = sourcecode.swift; path = BatchClassifierTests.swift; sourceTree = "<group>"; };
/* End PBXFileReference section */

/* Begin PBXFileSystemSynchronizedRootGroup section */
		AA0000000000000000000003 /* WhisperScribe */ = {
			isa = PBXFileSystemSynchronizedRootGroup;
			exceptions = (
			);
			explicitFileTypes = {
			};
			explicitFolders = (
			);
			path = WhisperScribe;
			sourceTree = "<group>";
		};
/* End PBXFileSystemSynchronizedRootGroup section */

/* Begin PBXFrameworksBuildPhase section */
		282E3D029397916052D3AED3 /* Frameworks */ = {
			isa = PBXFrameworksBuildPhase;
			buildActionMask = 2147483647;
			files = (
				AF56D383D6EAD7A3452F2BEC /* Cocoa.framework in Frameworks */,
			);
			runOnlyForDeploymentPostprocessing = 0;
		};
		AA0000000000000000000008 /* Frameworks */ = {
			isa = PBXFrameworksBuildPhase;
			buildActionMask = 2147483647;
			files = (
				63ECE88B95FBDC6E92B0A9F7 /* DeepSeekOCR2Kit in Frameworks */,
				AA000000000000000000000A /* WhisperKit in Frameworks */,
			);
			runOnlyForDeploymentPostprocessing = 0;
		};
/* End PBXFrameworksBuildPhase section */

/* Begin PBXGroup section */
		116F54EE67686D14DD361D76 /* OS X */ = {
			isa = PBXGroup;
			children = (
				0F0BBAC8C2B85469A650F6D6 /* Cocoa.framework */,
			);
			name = "OS X";
			sourceTree = "<group>";
		};
		781C854C9DBBE1B1412B603E /* WhisperScribeTests */ = {
			isa = PBXGroup;
			children = (
				918149AB2C192E219C04F3D6 /* SmokeTests.swift */,
				AF8506F918B01095773E0A6D /* WhisperModelTests.swift */,
				BA57AD4FA93C06F3472D7C93 /* ModelManagerTests.swift */,
				FA8181301AAA33ECD1896559 /* BatchClassifierTests.swift */,
				6B7D9CDF3E19FF4B26D673A0 /* MergedNamingTests.swift */,
				0EB6EF9CEA139A0C155EFB5A /* MergeServiceTests.swift */,
			);
			name = WhisperScribeTests;
			path = WhisperScribeTests;
			sourceTree = "<group>";
		};
		AA0000000000000000000004 = {
			isa = PBXGroup;
			children = (
				AA0000000000000000000003 /* WhisperScribe */,
				AA0000000000000000000005 /* Products */,
				C3269A86846C54923588DC2F /* Frameworks */,
				781C854C9DBBE1B1412B603E /* WhisperScribeTests */,
			);
			sourceTree = "<group>";
		};
		AA0000000000000000000005 /* Products */ = {
			isa = PBXGroup;
			children = (
				AA0000000000000000000006 /* WhisperScribe.app */,
				6070727F8692C80EAE5F071F /* WhisperScribeTests.xctest */,
			);
			name = Products;
			sourceTree = "<group>";
		};
		C3269A86846C54923588DC2F /* Frameworks */ = {
			isa = PBXGroup;
			children = (
				116F54EE67686D14DD361D76 /* OS X */,
			);
			name = Frameworks;
			sourceTree = "<group>";
		};
/* End PBXGroup section */

/* Begin PBXNativeTarget section */
		AA0000000000000000000002 /* WhisperScribe */ = {
			isa = PBXNativeTarget;
			buildConfigurationList = AA000000000000000000000E /* Build configuration list for PBXNativeTarget "WhisperScribe" */;
			buildPhases = (
				AA0000000000000000000007 /* Sources */,
				AA0000000000000000000008 /* Frameworks */,
				AA0000000000000000000009 /* Resources */,
			);
			buildRules = (
			);
			dependencies = (
			);
			fileSystemSynchronizedGroups = (
				AA0000000000000000000003 /* WhisperScribe */,
			);
			name = WhisperScribe;
			packageProductDependencies = (
				6E9ABDD43D842DDB0E00258D /* DeepSeekOCR2Kit */,
				AA000000000000000000000C /* WhisperKit */,
			);
			productName = WhisperScribe;
			productReference = AA0000000000000000000006 /* WhisperScribe.app */;
			productType = "com.apple.product-type.application";
		};
		E77F40A7969AF8CCD17A9A98 /* WhisperScribeTests */ = {
			isa = PBXNativeTarget;
			buildConfigurationList = 1532901CFE7DBE94D86C4881 /* Build configuration list for PBXNativeTarget "WhisperScribeTests" */;
			buildPhases = (
				5A32A34B4FE97F01EFCA91A2 /* Sources */,
				282E3D029397916052D3AED3 /* Frameworks */,
				F412534346181C264EEF43AC /* Resources */,
			);
			buildRules = (
			);
			dependencies = (
				B44C4819CA4626276D7D6B3C /* PBXTargetDependency */,
			);
			name = WhisperScribeTests;
			productName = WhisperScribeTests;
			productReference = 6070727F8692C80EAE5F071F /* WhisperScribeTests.xctest */;
			productType = "com.apple.product-type.bundle.unit-test";
		};
/* End PBXNativeTarget section */

/* Begin PBXProject section */
		AA0000000000000000000001 /* Project object */ = {
			isa = PBXProject;
			attributes = {
				BuildIndependentTargetsInParallel = 1;
				LastSwiftUpdateCheck = 2650;
				LastUpgradeCheck = 2650;
				TargetAttributes = {
					AA0000000000000000000002 = {
						CreatedOnToolsVersion = 26.5;
					};
				};
			};
			buildConfigurationList = AA000000000000000000000D /* Build configuration list for PBXProject "WhisperScribe" */;
			compatibilityVersion = "Xcode 16.0";
			developmentRegion = en;
			hasScannedForEncodings = 0;
			knownRegions = (
				en,
				Base,
				"zh-Hans",
				"zh-Hant",
				ja,
				ko,
			);
			mainGroup = AA0000000000000000000004;
			minimizedProjectReferenceProxies = 1;
			packageReferences = (
				0B3631094DF23F39DC9A1B43 /* XCLocalSwiftPackageReference "DeepSeekOCR2Kit" */,
				AA000000000000000000000B /* XCRemoteSwiftPackageReference "WhisperKit" */,
			);
			preferredProjectObjectVersion = 77;
			productRefGroup = AA0000000000000000000005 /* Products */;
			projectDirPath = "";
			projectRoot = "";
			targets = (
				AA0000000000000000000002 /* WhisperScribe */,
				E77F40A7969AF8CCD17A9A98 /* WhisperScribeTests */,
			);
		};
/* End PBXProject section */

/* Begin PBXResourcesBuildPhase section */
		AA0000000000000000000009 /* Resources */ = {
			isa = PBXResourcesBuildPhase;
			buildActionMask = 2147483647;
			files = (
			);
			runOnlyForDeploymentPostprocessing = 0;
		};
		F412534346181C264EEF43AC /* Resources */ = {
			isa = PBXResourcesBuildPhase;
			buildActionMask = 2147483647;
			files = (
			);
			runOnlyForDeploymentPostprocessing = 0;
		};
/* End PBXResourcesBuildPhase section */

/* Begin PBXSourcesBuildPhase section */
		5A32A34B4FE97F01EFCA91A2 /* Sources */ = {
			isa = PBXSourcesBuildPhase;
			buildActionMask = 2147483647;
			files = (
				B1C32B8BF6BF4A7A5993B7DF /* SmokeTests.swift in Sources */,
				830FFD61577B18C025F15720 /* WhisperModelTests.swift in Sources */,
				722485CCC90FDDE373153158 /* ModelManagerTests.swift in Sources */,
				703CFD740461567B3B75DBA4 /* BatchClassifierTests.swift in Sources */,
				62F767EB4737E5DE991D208B /* MergedNamingTests.swift in Sources */,
				A51889222013BC74C5860A0D /* MergeServiceTests.swift in Sources */,
			);
			runOnlyForDeploymentPostprocessing = 0;
		};
		AA0000000000000000000007 /* Sources */ = {
			isa = PBXSourcesBuildPhase;
			buildActionMask = 2147483647;
			files = (
			);
			runOnlyForDeploymentPostprocessing = 0;
		};
/* End PBXSourcesBuildPhase section */

/* Begin PBXTargetDependency section */
		B44C4819CA4626276D7D6B3C /* PBXTargetDependency */ = {
			isa = PBXTargetDependency;
			name = WhisperScribe;
			target = AA0000000000000000000002 /* WhisperScribe */;
			targetProxy = F2F002EE3A42D09848681E89 /* PBXContainerItemProxy */;
		};
/* End PBXTargetDependency section */

/* Begin XCBuildConfiguration section */
		02D9B64AA32B5CDF0BF269D8 /* Debug */ = {
			isa = XCBuildConfiguration;
			buildSettings = {
				BUNDLE_LOADER = "$(TEST_HOST)";
				CODE_SIGN_IDENTITY = "-";
				CODE_SIGN_STYLE = Automatic;
				GENERATE_INFOPLIST_FILE = YES;
				MACOSX_DEPLOYMENT_TARGET = 14.0;
				PRODUCT_BUNDLE_IDENTIFIER = com.william.WhisperScribeTests;
				PRODUCT_NAME = "$(TARGET_NAME)";
				SDKROOT = macosx;
				SWIFT_EMIT_LOC_STRINGS = NO;
				SWIFT_VERSION = 5.0;
				TEST_HOST = "$(BUILT_PRODUCTS_DIR)/WhisperScribe.app/Contents/MacOS/WhisperScribe";
			};
			name = Debug;
		};
		AA000000000000000000000F /* Debug */ = {
			isa = XCBuildConfiguration;
			buildSettings = {
				ALWAYS_SEARCH_USER_PATHS = NO;
				CLANG_ENABLE_MODULES = YES;
				CLANG_ENABLE_OBJC_ARC = YES;
				COPY_PHASE_STRIP = NO;
				DEBUG_INFORMATION_FORMAT = dwarf;
				ENABLE_STRICT_OBJC_MSGSEND = YES;
				ENABLE_TESTABILITY = YES;
				GCC_OPTIMIZATION_LEVEL = 0;
				GCC_PREPROCESSOR_DEFINITIONS = (
					"DEBUG=1",
					"$(inherited)",
				);
				MACOSX_DEPLOYMENT_TARGET = 14.0;
				ONLY_ACTIVE_ARCH = YES;
				SDKROOT = macosx;
				SWIFT_ACTIVE_COMPILATION_CONDITIONS = "DEBUG $(inherited)";
				SWIFT_OPTIMIZATION_LEVEL = "-Onone";
			};
			name = Debug;
		};
		AA0000000000000000000010 /* Release */ = {
			isa = XCBuildConfiguration;
			buildSettings = {
				ALWAYS_SEARCH_USER_PATHS = NO;
				CLANG_ENABLE_MODULES = YES;
				CLANG_ENABLE_OBJC_ARC = YES;
				COPY_PHASE_STRIP = NO;
				DEBUG_INFORMATION_FORMAT = "dwarf-with-dsym";
				ENABLE_NS_ASSERTIONS = NO;
				ENABLE_STRICT_OBJC_MSGSEND = YES;
				MACOSX_DEPLOYMENT_TARGET = 14.0;
				SDKROOT = macosx;
				SWIFT_COMPILATION_MODE = wholemodule;
				SWIFT_OPTIMIZATION_LEVEL = "-O";
			};
			name = Release;
		};
		AA0000000000000000000011 /* Debug */ = {
			isa = XCBuildConfiguration;
			buildSettings = {
				ASSETCATALOG_COMPILER_APPICON_NAME = AppIcon;
				CODE_SIGN_IDENTITY = "-";
				CODE_SIGN_STYLE = Automatic;
				COMBINE_HIDPI_IMAGES = YES;
				CURRENT_PROJECT_VERSION = 1;
				ENABLE_HARDENED_RUNTIME = YES;
				ENABLE_PREVIEWS = YES;
				GENERATE_INFOPLIST_FILE = YES;
				INFOPLIST_KEY_LSApplicationCategoryType = "public.app-category.utilities";
				INFOPLIST_KEY_NSHumanReadableCopyright = "";
				INFOPLIST_KEY_NSPrincipalClass = NSApplication;
				LD_RUNPATH_SEARCH_PATHS = (
					"$(inherited)",
					"@executable_path/../Frameworks",
				);
				MARKETING_VERSION = 1.0;
				PRODUCT_BUNDLE_IDENTIFIER = com.william.WhisperScribe;
				PRODUCT_NAME = "$(TARGET_NAME)";
				SWIFT_EMIT_LOC_STRINGS = YES;
				SWIFT_VERSION = 5.0;
			};
			name = Debug;
		};
		AA0000000000000000000012 /* Release */ = {
			isa = XCBuildConfiguration;
			buildSettings = {
				ASSETCATALOG_COMPILER_APPICON_NAME = AppIcon;
				CODE_SIGN_IDENTITY = "-";
				CODE_SIGN_STYLE = Automatic;
				COMBINE_HIDPI_IMAGES = YES;
				CURRENT_PROJECT_VERSION = 1;
				ENABLE_HARDENED_RUNTIME = YES;
				ENABLE_PREVIEWS = YES;
				GENERATE_INFOPLIST_FILE = YES;
				INFOPLIST_KEY_LSApplicationCategoryType = "public.app-category.utilities";
				INFOPLIST_KEY_NSHumanReadableCopyright = "";
				INFOPLIST_KEY_NSPrincipalClass = NSApplication;
				LD_RUNPATH_SEARCH_PATHS = (
					"$(inherited)",
					"@executable_path/../Frameworks",
				);
				MARKETING_VERSION = 1.0;
				PRODUCT_BUNDLE_IDENTIFIER = com.william.WhisperScribe;
				PRODUCT_NAME = "$(TARGET_NAME)";
				SWIFT_EMIT_LOC_STRINGS = YES;
				SWIFT_VERSION = 5.0;
			};
			name = Release;
		};
		CE1A65B399234D53B96E79ED /* Release */ = {
			isa = XCBuildConfiguration;
			buildSettings = {
				BUNDLE_LOADER = "$(TEST_HOST)";
				CODE_SIGN_IDENTITY = "-";
				CODE_SIGN_STYLE = Automatic;
				GENERATE_INFOPLIST_FILE = YES;
				MACOSX_DEPLOYMENT_TARGET = 14.0;
				PRODUCT_BUNDLE_IDENTIFIER = com.william.WhisperScribeTests;
				PRODUCT_NAME = "$(TARGET_NAME)";
				SDKROOT = macosx;
				SWIFT_EMIT_LOC_STRINGS = NO;
				SWIFT_VERSION = 5.0;
				TEST_HOST = "$(BUILT_PRODUCTS_DIR)/WhisperScribe.app/Contents/MacOS/WhisperScribe";
			};
			name = Release;
		};
/* End XCBuildConfiguration section */

/* Begin XCConfigurationList section */
		1532901CFE7DBE94D86C4881 /* Build configuration list for PBXNativeTarget "WhisperScribeTests" */ = {
			isa = XCConfigurationList;
			buildConfigurations = (
				CE1A65B399234D53B96E79ED /* Release */,
				02D9B64AA32B5CDF0BF269D8 /* Debug */,
			);
			defaultConfigurationIsVisible = 0;
			defaultConfigurationName = Release;
		};
		AA000000000000000000000D /* Build configuration list for PBXProject "WhisperScribe" */ = {
			isa = XCConfigurationList;
			buildConfigurations = (
				AA000000000000000000000F /* Debug */,
				AA0000000000000000000010 /* Release */,
			);
			defaultConfigurationIsVisible = 0;
			defaultConfigurationName = Release;
		};
		AA000000000000000000000E /* Build configuration list for PBXNativeTarget "WhisperScribe" */ = {
			isa = XCConfigurationList;
			buildConfigurations = (
				AA0000000000000000000011 /* Debug */,
				AA0000000000000000000012 /* Release */,
			);
			defaultConfigurationIsVisible = 0;
			defaultConfigurationName = Release;
		};
/* End XCConfigurationList section */

/* Begin XCLocalSwiftPackageReference section */
		0B3631094DF23F39DC9A1B43 /* XCLocalSwiftPackageReference "DeepSeekOCR2Kit" */ = {
			isa = XCLocalSwiftPackageReference;
			relativePath = DeepSeekOCR2Kit;
		};
/* End XCLocalSwiftPackageReference section */

/* Begin XCRemoteSwiftPackageReference section */
		AA000000000000000000000B /* XCRemoteSwiftPackageReference "WhisperKit" */ = {
			isa = XCRemoteSwiftPackageReference;
			repositoryURL = "https://github.com/argmaxinc/WhisperKit.git";
			requirement = {
				kind = upToNextMajorVersion;
				minimumVersion = 1.0.0;
			};
		};
/* End XCRemoteSwiftPackageReference section */

/* Begin XCSwiftPackageProductDependency section */
		6E9ABDD43D842DDB0E00258D /* DeepSeekOCR2Kit */ = {
			isa = XCSwiftPackageProductDependency;
			productName = DeepSeekOCR2Kit;
		};
		AA000000000000000000000C /* WhisperKit */ = {
			isa = XCSwiftPackageProductDependency;
			package = AA000000000000000000000B /* XCRemoteSwiftPackageReference "WhisperKit" */;
			productName = WhisperKit;
		};
/* End XCSwiftPackageProductDependency section */
	};
	rootObject = AA0000000000000000000001 /* Project object */;
}
